
Microsoft Visual Studio Solution File, Format Version 12.00
# Visual Studio 15
VisualStudioVersion = 15.0.27130.2010
MinimumVisualStudioVersion = 10.0.40219.1
Project("{FAE04EC0-301F-11D3-BF4B-00C04F79EFBC}") = "CARPARK.Data", "CARPARK.Data\CARPARK.Data.csproj", "{823DA8E0-E937-4718-805A-0E9797081024}"
EndProject
Project("{FAE04EC0-301F-11D3-BF4B-00C04F79EFBC}") = "CARPARK.DTO", "CARPARK.DTO\CARPARK.DTO.csproj", "{5F88C29C-9D2F-4ED7-A024-0878DABD6574}"
EndProject
Project("{FAE04EC0-301F-11D3-BF4B-00C04F79EFBC}") = "CARPARK.IOC", "CARPARK.IOC\CARPARK.IOC.csproj", "{D869847D-5D58-4250-AE41-ED97864448CE}"
EndProject
Project("{FAE04EC0-301F-11D3-BF4B-00C04F79EFBC}") = "CARPARK.Service", "CARPARK.Service\CARPARK.Service.csproj", "{3848E850-3AED-4226-B65C-25C1CEEFD4FB}"
EndProject
Project("{FAE04EC0-301F-11D3-BF4B-00C04F79EFBC}") = "CARPARK.Common", "CARPARK.COMMON\CARPARK.Common.csproj", "{8691B255-5A2D-4227-8068-E6F41CDF1DC9}"
EndProject
Project("{FAE04EC0-301F-11D3-BF4B-00C04F79EFBC}") = "CARPARK.Web", "CARPARK.Web\CARPARK.Web.csproj", "{9BE4DC4F-0AB0-47D7-AB50-661D49D7546A}"
EndProject
Global
	GlobalSection(SolutionConfigurationPlatforms) = preSolution
		Debug|Any CPU = Debug|Any CPU
		Release|Any CPU = Release|Any CPU
	EndGlobalSection
	GlobalSection(ProjectConfigurationPlatforms) = postSolution
		{823DA8E0-E937-4718-805A-0E9797081024}.Debug|Any CPU.ActiveCfg = Debug|Any CPU
		{823DA8E0-E937-4718-805A-0E9797081024}.Debug|Any CPU.Build.0 = Debug|Any CPU
		{823DA8E0-E937-4718-805A-0E9797081024}.Release|Any CPU.ActiveCfg = Release|Any CPU
		{823DA8E0-E937-4718-805A-0E9797081024}.Release|Any CPU.Build.0 = Release|Any CPU
		{5F88C29C-9D2F-4ED7-A024-0878DABD6574}.Debug|Any CPU.ActiveCfg = Debug|Any CPU
		{5F88C29C-9D2F-4ED7-A024-0878DABD6574}.Debug|Any CPU.Build.0 = Debug|Any CPU
		{5F88C29C-9D2F-4ED7-A024-0878DABD6574}.Release|Any CPU.ActiveCfg = Release|Any CPU
		{5F88C29C-9D2F-4ED7-A024-0878DABD6574}.Release|Any CPU.Build.0 = Release|Any CPU
		{D869847D-5D58-4250-AE41-ED97864448CE}.Debug|Any CPU.ActiveCfg = Debug|Any CPU
		{D869847D-5D58-4250-AE41-ED97864448CE}.Debug|Any CPU.Build.0 = Debug|Any CPU
		{D869847D-5D58-4250-AE41-ED97864448CE}.Release|Any CPU.ActiveCfg = Release|Any CPU
		{D869847D-5D58-4250-AE41-ED97864448CE}.Release|Any CPU.Build.0 = Release|Any CPU
		{3848E850-3AED-4226-B65C-25C1CEEFD4FB}.Debug|Any CPU.ActiveCfg = Debug|Any CPU
		{3848E850-3AED-4226-B65C-25C1CEEFD4FB}.Debug|Any CPU.Build.0 = Debug|Any CPU
		{3848E850-3AED-4226-B65C-25C1CEEFD4FB}.Release|Any CPU.ActiveCfg = Release|Any CPU
		{3848E850-3AED-4226-B65C-25C1CEEFD4FB}.Release|Any CPU.Build.0 = Release|Any CPU
		{8691B255-5A2D-4227-8068-E6F41CDF1DC9}.Debug|Any CPU.ActiveCfg = Debug|Any CPU
		{8691B255-5A2D-4227-8068-E6F41CDF1DC9}.Debug|Any CPU.Build.0 = Debug|Any CPU
		{8691B255-5A2D-4227-8068-E6F41CDF1DC9}.Release|Any CPU.ActiveCfg = Release|Any CPU
		{8691B255-5A2D-4227-8068-E6F41CDF1DC9}.Release|Any CPU.Build.0 = Release|Any CPU
		{9BE4DC4F-0AB0-47D7-AB50-661D49D7546A}.Debug|Any CPU.ActiveCfg = Debug|Any CPU
		{9BE4DC4F-0AB0-47D7-AB50-661D49D7546A}.Debug|Any CPU.Build.0 = Debug|Any CPU
		{9BE4DC4F-0AB0-47D7-AB50-661D49D7546A}.Release|Any CPU.ActiveCfg = Release|Any CPU
		{9BE4DC4F-0AB0-47D7-AB50-661D49D7546A}.Release|Any CPU.Build.0 = Release|Any CPU
	EndGlobalSection
	GlobalSection(SolutionProperties) = preSolution
		HideSolutionNode = FALSE
	EndGlobalSection
	GlobalSection(ExtensibilityGlobals) = postSolution
		SolutionGuid = {3E6B3EFA-B746-4108-A763-6A8E9E4A721E}
	EndGlobalSection
EndGlobal
